
Microsoft Visual Studio Solution File, Format Version 12.00
# Visual Studio Version 17
VisualStudioVersion = 17.11.35303.130
MinimumVisualStudioVersion = 10.0.40219.1
Project("{FAE04EC0-301F-11D3-BF4B-00C04F79EFBC}") = "Demolyzer", "Demolyzer\Demolyzer.csproj", "{C199F95C-0A45-4C87-A3B9-9DD7E8CCBDAA}"
EndProject
Project("{FAE04EC0-301F-11D3-BF4B-00C04F79EFBC}") = "QuantumBitDesigns.Charting", "QuantumBitDesigns.Charting\QuantumBitDesigns.Charting.csproj", "{0744884C-2EF0-4B0F-819A-A656DA600BCD}"
EndProject
Project("{FAE04EC0-301F-11D3-BF4B-00C04F79EFBC}") = "DataGridThemes", "DataGridThemes\DataGridThemes.csproj", "{75FF1407-1C79-4138-B6AD-3E8D69D2AD36}"
EndProject
Global
	GlobalSection(SolutionConfigurationPlatforms) = preSolution
		Debug|Any CPU = Debug|Any CPU
		Release|Any CPU = Release|Any CPU
	EndGlobalSection
	GlobalSection(ProjectConfigurationPlatforms) = postSolution
		{C199F95C-0A45-4C87-A3B9-9DD7E8CCBDAA}.Debug|Any CPU.ActiveCfg = Debug|Any CPU
		{C199F95C-0A45-4C87-A3B9-9DD7E8CCBDAA}.Debug|Any CPU.Build.0 = Debug|Any CPU
		{C199F95C-0A45-4C87-A3B9-9DD7E8CCBDAA}.Release|Any CPU.ActiveCfg = Release|Any CPU
		{C199F95C-0A45-4C87-A3B9-9DD7E8CCBDAA}.Release|Any CPU.Build.0 = Release|Any CPU
		{0744884C-2EF0-4B0F-819A-A656DA600BCD}.Debug|Any CPU.ActiveCfg = Debug|Any CPU
		{0744884C-2EF0-4B0F-819A-A656DA600BCD}.Debug|Any CPU.Build.0 = Debug|Any CPU
		{0744884C-2EF0-4B0F-819A-A656DA600BCD}.Release|Any CPU.ActiveCfg = Release|Any CPU
		{0744884C-2EF0-4B0F-819A-A656DA600BCD}.Release|Any CPU.Build.0 = Release|Any CPU
		{75FF1407-1C79-4138-B6AD-3E8D69D2AD36}.Debug|Any CPU.ActiveCfg = Debug|Any CPU
		{75FF1407-1C79-4138-B6AD-3E8D69D2AD36}.Debug|Any CPU.Build.0 = Debug|Any CPU
		{75FF1407-1C79-4138-B6AD-3E8D69D2AD36}.Release|Any CPU.ActiveCfg = Release|Any CPU
		{75FF1407-1C79-4138-B6AD-3E8D69D2AD36}.Release|Any CPU.Build.0 = Release|Any CPU
	EndGlobalSection
	GlobalSection(SolutionProperties) = preSolution
		HideSolutionNode = FALSE
	EndGlobalSection
	GlobalSection(ExtensibilityGlobals) = postSolution
		SolutionGuid = {5FA799CD-8B25-475D-966D-2E3A23789A74}
	EndGlobalSection
EndGlobal
